// !$*UTF8*$!
{
	archiveVersion = 1;
	classes = {
	};
	objectVersion = 56;
	objects = {

/* Begin PBXBuildFile section */
		F526991C2AE47EC200C2C608 /* AppDelegate.swift in Sources */ = {isa = PBXBuildFile; fileRef = F526991B2AE47EC200C2C608 /* AppDelegate.swift */; };
		F526991E2AE47EC200C2C608 /* SceneDelegate.swift in Sources */ = {isa = PBXBuildFile; fileRef = F526991D2AE47EC200C2C608 /* SceneDelegate.swift */; };
		F52699202AE47EC200C2C608 /* ViewController.swift in Sources */ = {isa = PBXBuildFile; fileRef = F526991F2AE47EC200C2C608 /* ViewController.swift */; };
		F52699232AE47EC200C2C608 /* Main.storyboard in Resources */ = {isa = PBXBuildFile; fileRef = F52699212AE47EC200C2C608 /* Main.storyboard */; };
		F52699252AE47EC300C2C608 /* Assets.xcassets in Resources */ = {isa = PBXBuildFile; fileRef = F52699242AE47EC300C2C608 /* Assets.xcassets */; };
		F52699282AE47EC300C2C608 /* LaunchScreen.storyboard in Resources */ = {isa = PBXBuildFile; fileRef = F52699262AE47EC300C2C608 /* LaunchScreen.storyboard */; };
		F52699302AE4805400C2C608 /* GameViewController.swift in Sources */ = {isa = PBXBuildFile; fileRef = F526992F2AE4805400C2C608 /* GameViewController.swift */; };
		F52699322AE4807800C2C608 /* SevenLetterWord.swift in Sources */ = {isa = PBXBuildFile; fileRef = F52699312AE4807800C2C608 /* SevenLetterWord.swift */; };
		F52699382AE5B07D00C2C608 /* Another Danger Slanted - Demo.otf in Resources */ = {isa = PBXBuildFile; fileRef = F52699362AE5B07D00C2C608 /* Another Danger Slanted - Demo.otf */; };
		F52699392AE5B07D00C2C608 /* Another Danger - Demo.otf in Resources */ = {isa = PBXBuildFile; fileRef = F52699372AE5B07D00C2C608 /* Another Danger - Demo.otf */; };
/* End PBXBuildFile section */

/* Begin PBXFileReference section */
		F52699182AE47EC200C2C608 /* HANGMANv.2.app */ = {isa = PBXFileReference; explicitFileType = wrapper.application; includeInIndex = 0; path = HANGMANv.2.app; sourceTree = BUILT_PRODUCTS_DIR; };
		F526991B2AE47EC200C2C608 /* AppDelegate.swift */ = {isa = PBXFileReference; lastKnownFileType = sourcecode.swift; path = AppDelegate.swift; sourceTree = "<group>"; };
		F526991D2AE47EC200C2C608 /* SceneDelegate.swift */ = {isa = PBXFileReference; lastKnownFileType = sourcecode.swift; path = SceneDelegate.swift; sourceTree = "<group>"; };
		F526991F2AE47EC200C2C608 /* ViewController.swift */ = {isa = PBXFileReference; lastKnownFileType = sourcecode.swift; path = ViewController.swift; sourceTree = "<group>"; };
		F52699222AE47EC200C2C608 /* Base */ = {isa = PBXFileReference; lastKnownFileType = file.storyboard; name = Base; path = Base.lproj/Main.storyboard; sourceTree = "<group>"; };
		F52699242AE47EC300C2C608 /* Assets.xcassets */ = {isa = PBXFileReference; lastKnownFileType = folder.assetcatalog; path = Assets.xcassets; sourceTree = "<group>"; };
		F52699272AE47EC300C2C608 /* Base */ = {isa = PBXFileReference; lastKnownFileType = file.storyboard; name = Base; path = Base.lproj/LaunchScreen.storyboard; sourceTree = "<group>"; };
		F52699292AE47EC300C2C608 /* Info.plist */ = {isa = PBXFileReference; lastKnownFileType = text.plist.xml; path = Info.plist; sourceTree = "<group>"; };
		F526992F2AE4805400C2C608 /* GameViewController.swift */ = {isa = PBXFileReference; lastKnownFileType = sourcecode.swift; path = GameViewController.swift; sourceTree = "<group>"; };
		F52699312AE4807800C2C608 /* SevenLetterWord.swift */ = {isa = PBXFileReference; lastKnownFileType = sourcecode.swift; path = SevenLetterWord.swift; sourceTree = "<group>"; };
		F52699362AE5B07D00C2C608 /* Another Danger Slanted - Demo.otf */ = {isa = PBXFileReference; lastKnownFileType = file; path = "Another Danger Slanted - Demo.otf"; sourceTree = "<group>"; };
		F52699372AE5B07D00C2C608 /* Another Danger - Demo.otf */ = {isa = PBXFileReference; lastKnownFileType = file; path = "Another Danger - Demo.otf"; sourceTree = "<group>"; };
/* End PBXFileReference section */

/* Begin PBXFrameworksBuildPhase section */
		F52699152AE47EC200C2C608 /* Frameworks */ = {
			isa = PBXFrameworksBuildPhase;
			buildActionMask = 2147483647;
			files = (
			);
			runOnlyForDeploymentPostprocessing = 0;
		};
/* End PBXFrameworksBuildPhase section */

/* Begin PBXGroup section */
		F526990F2AE47EC200C2C608 = {
			isa = PBXGroup;
			children = (
				F526991A2AE47EC200C2C608 /* HANGMANv.2 */,
				F52699192AE47EC200C2C608 /* Products */,
			);
			sourceTree = "<group>";
		};
		F52699192AE47EC200C2C608 /* Products */ = {
			isa = PBXGroup;
			children = (
				F52699182AE47EC200C2C608 /* HANGMANv.2.app */,
			);
			name = Products;
			sourceTree = "<group>";
		};
		F526991A2AE47EC200C2C608 /* HANGMANv.2 */ = {
			isa = PBXGroup;
			children = (
				F52699352AE5B07D00C2C608 /* font */,
				F526991B2AE47EC200C2C608 /* AppDelegate.swift */,
				F526991D2AE47EC200C2C608 /* SceneDelegate.swift */,
				F526991F2AE47EC200C2C608 /* ViewController.swift */,
				F52699312AE4807800C2C608 /* SevenLetterWord.swift */,
				F526992F2AE4805400C2C608 /* GameViewController.swift */,
				F52699212AE47EC200C2C608 /* Main.storyboard */,
				F52699242AE47EC300C2C608 /* Assets.xcassets */,
				F52699262AE47EC300C2C608 /* LaunchScreen.storyboard */,
				F52699292AE47EC300C2C608 /* Info.plist */,
			);
			path = HANGMANv.2;
			sourceTree = "<group>";
		};
		F52699352AE5B07D00C2C608 /* font */ = {
			isa = PBXGroup;
			children = (
				F52699362AE5B07D00C2C608 /* Another Danger Slanted - Demo.otf */,
				F52699372AE5B07D00C2C608 /* Another Danger - Demo.otf */,
			);
			path = font;
			sourceTree = "<group>";
		};
/* End PBXGroup section */

/* Begin PBXNativeTarget section */
		F52699172AE47EC200C2C608 /* HANGMANv.2 */ = {
			isa = PBXNativeTarget;
			buildConfigurationList = F526992C2AE47EC300C2C608 /* Build configuration list for PBXNativeTarget "HANGMANv.2" */;
			buildPhases = (
				F52699142AE47EC200C2C608 /* Sources */,
				F52699152AE47EC200C2C608 /* Frameworks */,
				F52699162AE47EC200C2C608 /* Resources */,
			);
			buildRules = (
			);
			dependencies = (
			);
			name = HANGMANv.2;
			productName = HANGMANv.2;
			productReference = F52699182AE47EC200C2C608 /* HANGMANv.2.app */;
			productType = "com.apple.product-type.application";
		};
/* End PBXNativeTarget section */

/* Begin PBXProject section */
		F52699102AE47EC200C2C608 /* Project object */ = {
			isa = PBXProject;
			attributes = {
				BuildIndependentTargetsInParallel = 1;
				LastSwiftUpdateCheck = 1500;
				LastUpgradeCheck = 1500;
				TargetAttributes = {
					F52699172AE47EC200C2C608 = {
						CreatedOnToolsVersion = 15.0;
					};
				};
			};
			buildConfigurationList = F52699132AE47EC200C2C608 /* Build configuration list for PBXProject "HANGMANv.2" */;
			compatibilityVersion = "Xcode 14.0";
			developmentRegion = en;
			hasScannedForEncodings = 0;
			knownRegions = (
				en,
				Base,
			);
			mainGroup = F526990F2AE47EC200C2C608;
			productRefGroup = F52699192AE47EC200C2C608 /* Products */;
			projectDirPath = "";
			projectRoot = "";
			targets = (
				F52699172AE47EC200C2C608 /* HANGMANv.2 */,
			);
		};
/* End PBXProject section */

/* Begin PBXResourcesBuildPhase section */
		F52699162AE47EC200C2C608 /* Resources */ = {
			isa = PBXResourcesBuildPhase;
			buildActionMask = 2147483647;
			files = (
				F52699282AE47EC300C2C608 /* LaunchScreen.storyboard in Resources */,
				F52699382AE5B07D00C2C608 /* Another Danger Slanted - Demo.otf in Resources */,
				F52699252AE47EC300C2C608 /* Assets.xcassets in Resources */,
				F52699232AE47EC200C2C608 /* Main.storyboard in Resources */,
				F52699392AE5B07D00C2C608 /* Another Danger - Demo.otf in Resources */,
			);
			runOnlyForDeploymentPostprocessing = 0;
		};
/* End PBXResourcesBuildPhase section */

/* Begin PBXSourcesBuildPhase section */
		F52699142AE47EC200C2C608 /* Sources */ = {
			isa = PBXSourcesBuildPhase;
			buildActionMask = 2147483647;
			files = (
				F52699302AE4805400C2C608 /* GameViewController.swift in Sources */,
				F52699202AE47EC200C2C608 /* ViewController.swift in Sources */,
				F52699322AE4807800C2C608 /* SevenLetterWord.swift in Sources */,
				F526991C2AE47EC200C2C608 /* AppDelegate.swift in Sources */,
				F526991E2AE47EC200C2C608 /* SceneDelegate.swift in Sources */,
			);
			runOnlyForDeploymentPostprocessing = 0;
		};
/* End PBXSourcesBuildPhase section */

/* Begin PBXVariantGroup section */
		F52699212AE47EC200C2C608 /* Main.storyboard */ = {
			isa = PBXVariantGroup;
			children = (
				F52699222AE47EC200C2C608 /* Base */,
			);
			name = Main.storyboard;
			sourceTree = "<group>";
		};
		F52699262AE47EC300C2C608 /* LaunchScreen.storyboard */ = {
			isa = PBXVariantGroup;
			children = (
				F52699272AE47EC300C2C608 /* Base */,
			);
			name = LaunchScreen.storyboard;
			sourceTree = "<group>";
		};
/* End PBXVariantGroup section */

/* Begin XCBuildConfiguration section */
		F526992A2AE47EC300C2C608 /* Debug */ = {
			isa = XCBuildConfiguration;
			buildSettings = {
				ALWAYS_SEARCH_USER_PATHS = NO;
				ASSETCATALOG_COMPILER_GENERATE_SWIFT_ASSET_SYMBOL_EXTENSIONS = YES;
				CLANG_ANALYZER_NONNULL = YES;
				CLANG_ANALYZER_NUMBER_OBJECT_CONVERSION = YES_AGGRESSIVE;
				CLANG_CXX_LANGUAGE_STANDARD = "gnu++20";
				CLANG_ENABLE_MODULES = YES;
				CLANG_ENABLE_OBJC_ARC = YES;
				CLANG_ENABLE_OBJC_WEAK = YES;
				CLANG_WARN_BLOCK_CAPTURE_AUTORELEASING = YES;
				CLANG_WARN_BOOL_CONVERSION = YES;
				CLANG_WARN_COMMA = YES;
				CLANG_WARN_CONSTANT_CONVERSION = YES;
				CLANG_WARN_DEPRECATED_OBJC_IMPLEMENTATIONS = YES;
				CLANG_WARN_DIRECT_OBJC_ISA_USAGE = YES_ERROR;
				CLANG_WARN_DOCUMENTATION_COMMENTS = YES;
				CLANG_WARN_EMPTY_BODY = YES;
				CLANG_WARN_ENUM_CONVERSION = YES;
				CLANG_WARN_INFINITE_RECURSION = YES;
				CLANG_WARN_INT_CONVERSION = YES;
				CLANG_WARN_NON_LITERAL_NULL_CONVERSION = YES;
				CLANG_WARN_OBJC_IMPLICIT_RETAIN_SELF = YES;
				CLANG_WARN_OBJC_LITERAL_CONVERSION = YES;
				CLANG_WARN_OBJC_ROOT_CLASS = YES_ERROR;
				CLANG_WARN_QUOTED_INCLUDE_IN_FRAMEWORK_HEADER = YES;
				CLANG_WARN_RANGE_LOOP_ANALYSIS = YES;
				CLANG_WARN_STRICT_PROTOTYPES = YES;
				CLANG_WARN_SUSPICIOUS_MOVE = YES;
				CLANG_WARN_UNGUARDED_AVAILABILITY = YES_AGGRESSIVE;
				CLANG_WARN_UNREACHABLE_CODE = YES;
				CLANG_WARN__DUPLICATE_METHOD_MATCH = YES;
				COPY_PHASE_STRIP = NO;
				DEBUG_INFORMATION_FORMAT = dwarf;
				ENABLE_STRICT_OBJC_MSGSEND = YES;
				ENABLE_TESTABILITY = YES;
				ENABLE_USER_SCRIPT_SANDBOXING = YES;
				GCC_C_LANGUAGE_STANDARD = gnu17;
				GCC_DYNAMIC_NO_PIC = NO;
				GCC_NO_COMMON_BLOCKS = YES;
				GCC_OPTIMIZATION_LEVEL = 0;
				GCC_PREPROCESSOR_DEFINITIONS = (
					"DEBUG=1",
					"$(inherited)",
				);
				GCC_WARN_64_TO_32_BIT_CONVERSION = YES;
				GCC_WARN_ABOUT_RETURN_TYPE = YES_ERROR;
				GCC_WARN_UNDECLARED_SELECTOR = YES;
				GCC_WARN_UNINITIALIZED_AUTOS = YES_AGGRESSIVE;
				GCC_WARN_UNUSED_FUNCTION = YES;
				GCC_WARN_UNUSED_VARIABLE = YES;
				IPHONEOS_DEPLOYMENT_TARGET = 17.0;
				LOCALIZATION_PREFERS_STRING_CATALOGS = YES;
				MTL_ENABLE_DEBUG_INFO = INCLUDE_SOURCE;
				MTL_FAST_MATH = YES;
				ONLY_ACTIVE_ARCH = YES;
				SDKROOT = iphoneos;
				SWIFT_ACTIVE_COMPILATION_CONDITIONS = "DEBUG $(inherited)";
				SWIFT_OPTIMIZATION_LEVEL = "-Onone";
			};
			name = Debug;
		};
		F526992B2AE47EC300C2C608 /* Release */ = {
			isa = XCBuildConfiguration;
			buildSettings = {
				ALWAYS_SEARCH_USER_PATHS = NO;
				ASSETCATALOG_COMPILER_GENERATE_SWIFT_ASSET_SYMBOL_EXTENSIONS = YES;
				CLANG_ANALYZER_NONNULL = YES;
				CLANG_ANALYZER_NUMBER_OBJECT_CONVERSION = YES_AGGRESSIVE;
				CLANG_CXX_LANGUAGE_STANDARD = "gnu++20";
				CLANG_ENABLE_MODULES = YES;
				CLANG_ENABLE_OBJC_ARC = YES;
				CLANG_ENABLE_OBJC_WEAK = YES;
				CLANG_WARN_BLOCK_CAPTURE_AUTORELEASING = YES;
				CLANG_WARN_BOOL_CONVERSION = YES;
				CLANG_WARN_COMMA = YES;
				CLANG_WARN_CONSTANT_CONVERSION = YES;
				CLANG_WARN_DEPRECATED_OBJC_IMPLEMENTATIONS = YES;
				CLANG_WARN_DIRECT_OBJC_ISA_USAGE = YES_ERROR;
				CLANG_WARN_DOCUMENTATION_COMMENTS = YES;
				CLANG_WARN_EMPTY_BODY = YES;
				CLANG_WARN_ENUM_CONVERSION = YES;
				CLANG_WARN_INFINITE_RECURSION = YES;
				CLANG_WARN_INT_CONVERSION = YES;
				CLANG_WARN_NON_LITERAL_NULL_CONVERSION = YES;
				CLANG_WARN_OBJC_IMPLICIT_RETAIN_SELF = YES;
				CLANG_WARN_OBJC_LITERAL_CONVERSION = YES;
				CLANG_WARN_OBJC_ROOT_CLASS = YES_ERROR;
				CLANG_WARN_QUOTED_INCLUDE_IN_FRAMEWORK_HEADER = YES;
				CLANG_WARN_RANGE_LOOP_ANALYSIS = YES;
				CLANG_WARN_STRICT_PROTOTYPES = YES;
				CLANG_WARN_SUSPICIOUS_MOVE = YES;
				CLANG_WARN_UNGUARDED_AVAILABILITY = YES_AGGRESSIVE;
				CLANG_WARN_UNREACHABLE_CODE = YES;
				CLANG_WARN__DUPLICATE_METHOD_MATCH = YES;
				COPY_PHASE_STRIP = NO;
				DEBUG_INFORMATION_FORMAT = "dwarf-with-dsym";
				ENABLE_NS_ASSERTIONS = NO;
				ENABLE_STRICT_OBJC_MSGSEND = YES;
				ENABLE_USER_SCRIPT_SANDBOXING = YES;
				GCC_C_LANGUAGE_STANDARD = gnu17;
				GCC_NO_COMMON_BLOCKS = YES;
				GCC_WARN_64_TO_32_BIT_CONVERSION = YES;
				GCC_WARN_ABOUT_RETURN_TYPE = YES_ERROR;
				GCC_WARN_UNDECLARED_SELECTOR = YES;
				GCC_WARN_UNINITIALIZED_AUTOS = YES_AGGRESSIVE;
				GCC_WARN_UNUSED_FUNCTION = YES;
				GCC_WARN_UNUSED_VARIABLE = YES;
				IPHONEOS_DEPLOYMENT_TARGET = 17.0;
				LOCALIZATION_PREFERS_STRING_CATALOGS = YES;
				MTL_ENABLE_DEBUG_INFO = NO;
				MTL_FAST_MATH = YES;
				SDKROOT = iphoneos;
				SWIFT_COMPILATION_MODE = wholemodule;
				VALIDATE_PRODUCT = YES;
			};
			name = Release;
		};
		F526992D2AE47EC300C2C608 /* Debug */ = {
			isa = XCBuildConfiguration;
			buildSettings = {
				ASSETCATALOG_COMPILER_APPICON_NAME = AppIcon;
				ASSETCATALOG_COMPILER_GLOBAL_ACCENT_COLOR_NAME = AccentColor;
				CODE_SIGN_STYLE = Automatic;
				CURRENT_PROJECT_VERSION = 1;
				GENERATE_INFOPLIST_FILE = YES;
				INFOPLIST_FILE = HANGMANv.2/Info.plist;
				INFOPLIST_KEY_UIApplicationSupportsIndirectInputEvents = YES;
				INFOPLIST_KEY_UILaunchStoryboardName = LaunchScreen;
				INFOPLIST_KEY_UIMainStoryboardFile = Main;
				INFOPLIST_KEY_UISupportedInterfaceOrientations_iPad = "UIInterfaceOrientationPortrait UIInterfaceOrientationPortraitUpsideDown UIInterfaceOrientationLandscapeLeft UIInterfaceOrientationLandscapeRight";
				INFOPLIST_KEY_UISupportedInterfaceOrientations_iPhone = "UIInterfaceOrientationPortrait UIInterfaceOrientationLandscapeLeft UIInterfaceOrientationLandscapeRight";
				LD_RUNPATH_SEARCH_PATHS = (
					"$(inherited)",
					"@executable_path/Frameworks",
				);
				MARKETING_VERSION = 1.0;
				PRODUCT_BUNDLE_IDENTIFIER = "com.example.r-bagaporo.HANGMANv-2";
				PRODUCT_NAME = "$(TARGET_NAME)";
				SWIFT_EMIT_LOC_STRINGS = YES;
				SWIFT_VERSION = 5.0;
				TARGETED_DEVICE_FAMILY = "1,2";
			};
			name = Debug;
		};
		F526992E2AE47EC300C2C608 /* Release */ = {
			isa = XCBuildConfiguration;
			buildSettings = {
				ASSETCATALOG_COMPILER_APPICON_NAME = AppIcon;
				ASSETCATALOG_COMPILER_GLOBAL_ACCENT_COLOR_NAME = AccentColor;
				CODE_SIGN_STYLE = Automatic;
				CURRENT_PROJECT_VERSION = 1;
				GENERATE_INFOPLIST_FILE = YES;
				INFOPLIST_FILE = HANGMANv.2/Info.plist;
				INFOPLIST_KEY_UIApplicationSupportsIndirectInputEvents = YES;
				INFOPLIST_KEY_UILaunchStoryboardName = LaunchScreen;
				INFOPLIST_KEY_UIMainStoryboardFile = Main;
				INFOPLIST_KEY_UISupportedInterfaceOrientations_iPad = "UIInterfaceOrientationPortrait UIInterfaceOrientationPortraitUpsideDown UIInterfaceOrientationLandscapeLeft UIInterfaceOrientationLandscapeRight";
				INFOPLIST_KEY_UISupportedInterfaceOrientations_iPhone = "UIInterfaceOrientationPortrait UIInterfaceOrientationLandscapeLeft UIInterfaceOrientationLandscapeRight";
				LD_RUNPATH_SEARCH_PATHS = (
					"$(inherited)",
					"@executable_path/Frameworks",
				);
				MARKETING_VERSION = 1.0;
				PRODUCT_BUNDLE_IDENTIFIER = "com.example.r-bagaporo.HANGMANv-2";
				PRODUCT_NAME = "$(TARGET_NAME)";
				SWIFT_EMIT_LOC_STRINGS = YES;
				SWIFT_VERSION = 5.0;
				TARGETED_DEVICE_FAMILY = "1,2";
			};
			name = Release;
		};
/* End XCBuildConfiguration section */

/* Begin XCConfigurationList section */
		F52699132AE47EC200C2C608 /* Build configuration list for PBXProject "HANGMANv.2" */ = {
			isa = XCConfigurationList;
			buildConfigurations = (
				F526992A2AE47EC300C2C608 /* Debug */,
				F526992B2AE47EC300C2C608 /* Release */,
			);
			defaultConfigurationIsVisible = 0;
			defaultConfigurationName = Release;
		};
		F526992C2AE47EC300C2C608 /* Build configuration list for PBXNativeTarget "HANGMANv.2" */ = {
			isa = XCConfigurationList;
			buildConfigurations = (
				F526992D2AE47EC300C2C608 /* Debug */,
				F526992E2AE47EC300C2C608 /* Release */,
			);
			defaultConfigurationIsVisible = 0;
			defaultConfigurationName = Release;
		};
/* End XCConfigurationList section */
	};
	rootObject = F52699102AE47EC200C2C608 /* Project object */;
}
